
Microsoft Visual Studio Solution File, Format Version 12.00
# Visual Studio 15
VisualStudioVersion = 15.0.27428.2037
MinimumVisualStudioVersion = 10.0.40219.1
Project("{D2ABAB84-BF74-430A-B69E-9DC6D40DDA17}") = "ContosoFull", "ContosoFull\ContosoFull.dwproj", "{14049643-A15E-4776-A2ED-99D9911F15A1}"
EndProject
Project("{00D1A9C2-B5F0-4AF3-8072-F6C62B433612}") = "ContosoRetailDW", "ContosoRetailDW\ContosoRetailDW.sqlproj", "{DD67E16F-406C-4CE0-84C7-6965B0C96C4F}"
EndProject
Global
	GlobalSection(SolutionConfigurationPlatforms) = preSolution
		Debug|Any CPU = Debug|Any CPU
		Development|Any CPU = Development|Any CPU
		Release|Any CPU = Release|Any CPU
	EndGlobalSection
	GlobalSection(ProjectConfigurationPlatforms) = postSolution
		{14049643-A15E-4776-A2ED-99D9911F15A1}.Debug|Any CPU.ActiveCfg = Development
		{14049643-A15E-4776-A2ED-99D9911F15A1}.Debug|Any CPU.Build.0 = Development
		{14049643-A15E-4776-A2ED-99D9911F15A1}.Debug|Any CPU.Deploy.0 = Development
		{14049643-A15E-4776-A2ED-99D9911F15A1}.Development|Any CPU.ActiveCfg = Development
		{14049643-A15E-4776-A2ED-99D9911F15A1}.Development|Any CPU.Build.0 = Development
		{14049643-A15E-4776-A2ED-99D9911F15A1}.Development|Any CPU.Deploy.0 = Development
		{14049643-A15E-4776-A2ED-99D9911F15A1}.Release|Any CPU.ActiveCfg = Development
		{14049643-A15E-4776-A2ED-99D9911F15A1}.Release|Any CPU.Build.0 = Development
		{14049643-A15E-4776-A2ED-99D9911F15A1}.Release|Any CPU.Deploy.0 = Development
		{DD67E16F-406C-4CE0-84C7-6965B0C96C4F}.Debug|Any CPU.ActiveCfg = Debug|Any CPU
		{DD67E16F-406C-4CE0-84C7-6965B0C96C4F}.Debug|Any CPU.Build.0 = Debug|Any CPU
		{DD67E16F-406C-4CE0-84C7-6965B0C96C4F}.Debug|Any CPU.Deploy.0 = Debug|Any CPU
		{DD67E16F-406C-4CE0-84C7-6965B0C96C4F}.Development|Any CPU.ActiveCfg = Debug|Any CPU
		{DD67E16F-406C-4CE0-84C7-6965B0C96C4F}.Development|Any CPU.Build.0 = Debug|Any CPU
		{DD67E16F-406C-4CE0-84C7-6965B0C96C4F}.Development|Any CPU.Deploy.0 = Debug|Any CPU
		{DD67E16F-406C-4CE0-84C7-6965B0C96C4F}.Release|Any CPU.ActiveCfg = Release|Any CPU
		{DD67E16F-406C-4CE0-84C7-6965B0C96C4F}.Release|Any CPU.Build.0 = Release|Any CPU
		{DD67E16F-406C-4CE0-84C7-6965B0C96C4F}.Release|Any CPU.Deploy.0 = Release|Any CPU
	EndGlobalSection
	GlobalSection(SolutionProperties) = preSolution
		HideSolutionNode = FALSE
	EndGlobalSection
	GlobalSection(ExtensibilityGlobals) = postSolution
		SolutionGuid = {EB4FA365-600C-497D-B1E3-D6FAFED11F9D}
	EndGlobalSection
EndGlobal
